
Microsoft Visual Studio Solution File, Format Version 12.00
# Visual Studio 14
VisualStudioVersion = 14.0.23107.0
MinimumVisualStudioVersion = 10.0.40219.1
Project("{FAE04EC0-301F-11D3-BF4B-00C04F79EFBC}") = "webBrowesr", "webBrowesr\webBrowesr.csproj", "{465FCD7D-7F15-43C5-88DD-31D11BA0F4CE}"
EndProject
Global
	GlobalSection(SolutionConfigurationPlatforms) = preSolution
		Debug|Any CPU = Debug|Any CPU
		Release|Any CPU = Release|Any CPU
	EndGlobalSection
	GlobalSection(ProjectConfigurationPlatforms) = postSolution
		{465FCD7D-7F15-43C5-88DD-31D11BA0F4CE}.Debug|Any CPU.ActiveCfg = Debug|Any CPU
		{465FCD7D-7F15-43C5-88DD-31D11BA0F4CE}.Debug|Any CPU.Build.0 = Debug|Any CPU
		{465FCD7D-7F15-43C5-88DD-31D11BA0F4CE}.Release|Any CPU.ActiveCfg = Release|Any CPU
		{465FCD7D-7F15-43C5-88DD-31D11BA0F4CE}.Release|Any CPU.Build.0 = Release|Any CPU
	EndGlobalSection
	GlobalSection(SolutionProperties) = preSolution
		HideSolutionNode = FALSE
	EndGlobalSection
EndGlobal
