
Microsoft Visual Studio Solution File, Format Version 12.00
# Visual Studio 14
VisualStudioVersion = 14.0.23107.0
MinimumVisualStudioVersion = 10.0.40219.1
Project("{FAE04EC0-301F-11D3-BF4B-00C04F79EFBC}") = "SplashScreen", "SplashScreen\SplashScreen.csproj", "{BACE75D8-BE92-46F4-9008-8B73977340C2}"
EndProject
Global
	GlobalSection(SolutionConfigurationPlatforms) = preSolution
		Debug|Any CPU = Debug|Any CPU
		Release|Any CPU = Release|Any CPU
	EndGlobalSection
	GlobalSection(ProjectConfigurationPlatforms) = postSolution
		{BACE75D8-BE92-46F4-9008-8B73977340C2}.Debug|Any CPU.ActiveCfg = Debug|Any CPU
		{BACE75D8-BE92-46F4-9008-8B73977340C2}.Debug|Any CPU.Build.0 = Debug|Any CPU
		{BACE75D8-BE92-46F4-9008-8B73977340C2}.Release|Any CPU.ActiveCfg = Release|Any CPU
		{BACE75D8-BE92-46F4-9008-8B73977340C2}.Release|Any CPU.Build.0 = Release|Any CPU
	EndGlobalSection
	GlobalSection(SolutionProperties) = preSolution
		HideSolutionNode = FALSE
	EndGlobalSection
EndGlobal
